// !$*UTF8*$!
{
	archiveVersion = 1;
	classes = {
	};
	objectVersion = 56;
	objects = {

/* Begin PBXBuildFile section */
		030122F528D3DC2A008A9978 /* Stock+Tests.swift in Sources */ = {isa = PBXBuildFile; fileRef = 030122F428D3DC2A008A9978 /* Stock+Tests.swift */; };
		0301231628D3F702008A9978 /* System+Tests.swift in Sources */ = {isa = PBXBuildFile; fileRef = 0301231528D3F702008A9978 /* System+Tests.swift */; };
		0301231828D3F70D008A9978 /* Flow+Tests.swift in Sources */ = {isa = PBXBuildFile; fileRef = 0301231728D3F70D008A9978 /* Flow+Tests.swift */; };
		0301233828D7537E008A9978 /* World.swift in Sources */ = {isa = PBXBuildFile; fileRef = 0301233328D53E91008A9978 /* World.swift */; };
		0301233928D7537E008A9978 /* Stock.swift in Sources */ = {isa = PBXBuildFile; fileRef = 0301232D28D53E31008A9978 /* Stock.swift */; };
		0301233A28D7537E008A9978 /* Flow.swift in Sources */ = {isa = PBXBuildFile; fileRef = 0301232F28D53E3C008A9978 /* Flow.swift */; };
		030DE75128DFFDEB006DCC12 /* Dimension.swift in Sources */ = {isa = PBXBuildFile; fileRef = 030DE75028DFFDEB006DCC12 /* Dimension.swift */; };
		030DE75328E00D86006DCC12 /* Measurement.swift in Sources */ = {isa = PBXBuildFile; fileRef = 030DE75228E00D86006DCC12 /* Measurement.swift */; };
		03747C1128DE57020036678B /* Unit+Tests.swift in Sources */ = {isa = PBXBuildFile; fileRef = 03747C1028DE57020036678B /* Unit+Tests.swift */; };
		03747C1328DE616D0036678B /* Unit.swift in Sources */ = {isa = PBXBuildFile; fileRef = 03747C1228DE616D0036678B /* Unit.swift */; };
		03C0858A28D7D6EC0087D0DC /* System.swift in Sources */ = {isa = PBXBuildFile; fileRef = 03C0858928D7D6EC0087D0DC /* System.swift */; };
		03FF92C328C3FCE500FC1956 /* Heartbeat.framework in Frameworks */ = {isa = PBXBuildFile; fileRef = 03FF92B828C3FCE400FC1956 /* Heartbeat.framework */; };
		03FF92C928C3FCE500FC1956 /* Heartbeat.h in Headers */ = {isa = PBXBuildFile; fileRef = 03FF92BB28C3FCE400FC1956 /* Heartbeat.h */; settings = {ATTRIBUTES = (Public, ); }; };
/* End PBXBuildFile section */

/* Begin PBXContainerItemProxy section */
		03FF92C428C3FCE500FC1956 /* PBXContainerItemProxy */ = {
			isa = PBXContainerItemProxy;
			containerPortal = 03FF92AF28C3FCE400FC1956 /* Project object */;
			proxyType = 1;
			remoteGlobalIDString = 03FF92B728C3FCE400FC1956;
			remoteInfo = Heartbeat;
		};
/* End PBXContainerItemProxy section */

/* Begin PBXFileReference section */
		030122F428D3DC2A008A9978 /* Stock+Tests.swift */ = {isa = PBXFileReference; lastKnownFileType = sourcecode.swift; path = "Stock+Tests.swift"; sourceTree = "<group>"; };
		0301231528D3F702008A9978 /* System+Tests.swift */ = {isa = PBXFileReference; lastKnownFileType = sourcecode.swift; path = "System+Tests.swift"; sourceTree = "<group>"; };
		0301231728D3F70D008A9978 /* Flow+Tests.swift */ = {isa = PBXFileReference; lastKnownFileType = sourcecode.swift; path = "Flow+Tests.swift"; sourceTree = "<group>"; };
		0301231B28D4291E008A9978 /* README.md */ = {isa = PBXFileReference; lastKnownFileType = net.daringfireball.markdown; path = README.md; sourceTree = "<group>"; };
		0301232D28D53E31008A9978 /* Stock.swift */ = {isa = PBXFileReference; lastKnownFileType = sourcecode.swift; path = Stock.swift; sourceTree = "<group>"; };
		0301232F28D53E3C008A9978 /* Flow.swift */ = {isa = PBXFileReference; lastKnownFileType = sourcecode.swift; path = Flow.swift; sourceTree = "<group>"; };
		0301233328D53E91008A9978 /* World.swift */ = {isa = PBXFileReference; lastKnownFileType = sourcecode.swift; path = World.swift; sourceTree = "<group>"; };
		030DE75028DFFDEB006DCC12 /* Dimension.swift */ = {isa = PBXFileReference; lastKnownFileType = sourcecode.swift; path = Dimension.swift; sourceTree = "<group>"; };
		030DE75228E00D86006DCC12 /* Measurement.swift */ = {isa = PBXFileReference; lastKnownFileType = sourcecode.swift; path = Measurement.swift; sourceTree = "<group>"; };
		03747C1028DE57020036678B /* Unit+Tests.swift */ = {isa = PBXFileReference; lastKnownFileType = sourcecode.swift; path = "Unit+Tests.swift"; sourceTree = "<group>"; };
		03747C1228DE616D0036678B /* Unit.swift */ = {isa = PBXFileReference; lastKnownFileType = sourcecode.swift; path = Unit.swift; sourceTree = "<group>"; };
		03C0858928D7D6EC0087D0DC /* System.swift */ = {isa = PBXFileReference; lastKnownFileType = sourcecode.swift; path = System.swift; sourceTree = "<group>"; };
		03FF92B828C3FCE400FC1956 /* Heartbeat.framework */ = {isa = PBXFileReference; explicitFileType = wrapper.framework; includeInIndex = 0; path = Heartbeat.framework; sourceTree = BUILT_PRODUCTS_DIR; };
		03FF92BB28C3FCE400FC1956 /* Heartbeat.h */ = {isa = PBXFileReference; lastKnownFileType = sourcecode.c.h; path = Heartbeat.h; sourceTree = "<group>"; };
		03FF92C228C3FCE500FC1956 /* HeartbeatTests.xctest */ = {isa = PBXFileReference; explicitFileType = wrapper.cfbundle; includeInIndex = 0; path = HeartbeatTests.xctest; sourceTree = BUILT_PRODUCTS_DIR; };
/* End PBXFileReference section */

/* Begin PBXFrameworksBuildPhase section */
		03FF92B528C3FCE400FC1956 /* Frameworks */ = {
			isa = PBXFrameworksBuildPhase;
			buildActionMask = 2147483647;
			files = (
			);
			runOnlyForDeploymentPostprocessing = 0;
		};
		03FF92BF28C3FCE500FC1956 /* Frameworks */ = {
			isa = PBXFrameworksBuildPhase;
			buildActionMask = 2147483647;
			files = (
				03FF92C328C3FCE500FC1956 /* Heartbeat.framework in Frameworks */,
			);
			runOnlyForDeploymentPostprocessing = 0;
		};
/* End PBXFrameworksBuildPhase section */

/* Begin PBXGroup section */
		03747B9C28D7DBB20036678B /* Frameworks */ = {
			isa = PBXGroup;
			children = (
			);
			name = Frameworks;
			sourceTree = "<group>";
		};
		03FF92AE28C3FCE400FC1956 = {
			isa = PBXGroup;
			children = (
				03FF92BA28C3FCE400FC1956 /* Heartbeat */,
				03FF92C628C3FCE500FC1956 /* HeartbeatTests */,
				03FF92B928C3FCE400FC1956 /* Products */,
				03747B9C28D7DBB20036678B /* Frameworks */,
			);
			sourceTree = "<group>";
		};
		03FF92B928C3FCE400FC1956 /* Products */ = {
			isa = PBXGroup;
			children = (
				03FF92B828C3FCE400FC1956 /* Heartbeat.framework */,
				03FF92C228C3FCE500FC1956 /* HeartbeatTests.xctest */,
			);
			name = Products;
			sourceTree = "<group>";
		};
		03FF92BA28C3FCE400FC1956 /* Heartbeat */ = {
			isa = PBXGroup;
			children = (
				03FF92BB28C3FCE400FC1956 /* Heartbeat.h */,
				0301231B28D4291E008A9978 /* README.md */,
				030DE75028DFFDEB006DCC12 /* Dimension.swift */,
				0301232F28D53E3C008A9978 /* Flow.swift */,
				0301232D28D53E31008A9978 /* Stock.swift */,
				03C0858928D7D6EC0087D0DC /* System.swift */,
				03747C1228DE616D0036678B /* Unit.swift */,
				030DE75228E00D86006DCC12 /* Measurement.swift */,
				0301233328D53E91008A9978 /* World.swift */,
			);
			path = Heartbeat;
			sourceTree = "<group>";
		};
		03FF92C628C3FCE500FC1956 /* HeartbeatTests */ = {
			isa = PBXGroup;
			children = (
				0301231728D3F70D008A9978 /* Flow+Tests.swift */,
				030122F428D3DC2A008A9978 /* Stock+Tests.swift */,
				0301231528D3F702008A9978 /* System+Tests.swift */,
				03747C1028DE57020036678B /* Unit+Tests.swift */,
			);
			path = HeartbeatTests;
			sourceTree = "<group>";
		};
/* End PBXGroup section */

/* Begin PBXHeadersBuildPhase section */
		03FF92B328C3FCE400FC1956 /* Headers */ = {
			isa = PBXHeadersBuildPhase;
			buildActionMask = 2147483647;
			files = (
				03FF92C928C3FCE500FC1956 /* Heartbeat.h in Headers */,
			);
			runOnlyForDeploymentPostprocessing = 0;
		};
/* End PBXHeadersBuildPhase section */

/* Begin PBXNativeTarget section */
		03FF92B728C3FCE400FC1956 /* Heartbeat */ = {
			isa = PBXNativeTarget;
			buildConfigurationList = 03FF92CC28C3FCE500FC1956 /* Build configuration list for PBXNativeTarget "Heartbeat" */;
			buildPhases = (
				03FF92B328C3FCE400FC1956 /* Headers */,
				03FF92B428C3FCE400FC1956 /* Sources */,
				03FF92B528C3FCE400FC1956 /* Frameworks */,
				03FF92B628C3FCE400FC1956 /* Resources */,
			);
			buildRules = (
			);
			dependencies = (
			);
			name = Heartbeat;
			packageProductDependencies = (
			);
			productName = Heartbeat;
			productReference = 03FF92B828C3FCE400FC1956 /* Heartbeat.framework */;
			productType = "com.apple.product-type.framework";
		};
		03FF92C128C3FCE500FC1956 /* HeartbeatTests */ = {
			isa = PBXNativeTarget;
			buildConfigurationList = 03FF92CF28C3FCE500FC1956 /* Build configuration list for PBXNativeTarget "HeartbeatTests" */;
			buildPhases = (
				03FF92BE28C3FCE500FC1956 /* Sources */,
				03FF92BF28C3FCE500FC1956 /* Frameworks */,
				03FF92C028C3FCE500FC1956 /* Resources */,
			);
			buildRules = (
			);
			dependencies = (
				03FF92C528C3FCE500FC1956 /* PBXTargetDependency */,
			);
			name = HeartbeatTests;
			productName = HeartbeatTests;
			productReference = 03FF92C228C3FCE500FC1956 /* HeartbeatTests.xctest */;
			productType = "com.apple.product-type.bundle.unit-test";
		};
/* End PBXNativeTarget section */

/* Begin PBXProject section */
		03FF92AF28C3FCE400FC1956 /* Project object */ = {
			isa = PBXProject;
			attributes = {
				BuildIndependentTargetsInParallel = 1;
				LastSwiftUpdateCheck = 1410;
				LastUpgradeCheck = 1400;
				TargetAttributes = {
					03FF92B728C3FCE400FC1956 = {
						CreatedOnToolsVersion = 14.0;
					};
					03FF92C128C3FCE500FC1956 = {
						CreatedOnToolsVersion = 14.0;
					};
				};
			};
			buildConfigurationList = 03FF92B228C3FCE400FC1956 /* Build configuration list for PBXProject "Heartbeat" */;
			compatibilityVersion = "Xcode 14.0";
			developmentRegion = en;
			hasScannedForEncodings = 0;
			knownRegions = (
				en,
				Base,
			);
			mainGroup = 03FF92AE28C3FCE400FC1956;
			packageReferences = (
			);
			productRefGroup = 03FF92B928C3FCE400FC1956 /* Products */;
			projectDirPath = "";
			projectRoot = "";
			targets = (
				03FF92B728C3FCE400FC1956 /* Heartbeat */,
				03FF92C128C3FCE500FC1956 /* HeartbeatTests */,
			);
		};
/* End PBXProject section */

/* Begin PBXResourcesBuildPhase section */
		03FF92B628C3FCE400FC1956 /* Resources */ = {
			isa = PBXResourcesBuildPhase;
			buildActionMask = 2147483647;
			files = (
			);
			runOnlyForDeploymentPostprocessing = 0;
		};
		03FF92C028C3FCE500FC1956 /* Resources */ = {
			isa = PBXResourcesBuildPhase;
			buildActionMask = 2147483647;
			files = (
			);
			runOnlyForDeploymentPostprocessing = 0;
		};
/* End PBXResourcesBuildPhase section */

/* Begin PBXSourcesBuildPhase section */
		03FF92B428C3FCE400FC1956 /* Sources */ = {
			isa = PBXSourcesBuildPhase;
			buildActionMask = 2147483647;
			files = (
				0301233828D7537E008A9978 /* World.swift in Sources */,
				0301233A28D7537E008A9978 /* Flow.swift in Sources */,
				030DE75328E00D86006DCC12 /* Measurement.swift in Sources */,
				03C0858A28D7D6EC0087D0DC /* System.swift in Sources */,
				030DE75128DFFDEB006DCC12 /* Dimension.swift in Sources */,
				03747C1328DE616D0036678B /* Unit.swift in Sources */,
				0301233928D7537E008A9978 /* Stock.swift in Sources */,
			);
			runOnlyForDeploymentPostprocessing = 0;
		};
		03FF92BE28C3FCE500FC1956 /* Sources */ = {
			isa = PBXSourcesBuildPhase;
			buildActionMask = 2147483647;
			files = (
				0301231628D3F702008A9978 /* System+Tests.swift in Sources */,
				0301231828D3F70D008A9978 /* Flow+Tests.swift in Sources */,
				03747C1128DE57020036678B /* Unit+Tests.swift in Sources */,
				030122F528D3DC2A008A9978 /* Stock+Tests.swift in Sources */,
			);
			runOnlyForDeploymentPostprocessing = 0;
		};
/* End PBXSourcesBuildPhase section */

/* Begin PBXTargetDependency section */
		03FF92C528C3FCE500FC1956 /* PBXTargetDependency */ = {
			isa = PBXTargetDependency;
			target = 03FF92B728C3FCE400FC1956 /* Heartbeat */;
			targetProxy = 03FF92C428C3FCE500FC1956 /* PBXContainerItemProxy */;
		};
/* End PBXTargetDependency section */

/* Begin XCBuildConfiguration section */
		03FF92CA28C3FCE500FC1956 /* Debug */ = {
			isa = XCBuildConfiguration;
			buildSettings = {
				ALWAYS_SEARCH_USER_PATHS = NO;
				CLANG_ANALYZER_NONNULL = YES;
				CLANG_ANALYZER_NUMBER_OBJECT_CONVERSION = YES_AGGRESSIVE;
				CLANG_CXX_LANGUAGE_STANDARD = "gnu++17";
				CLANG_ENABLE_MODULES = YES;
				CLANG_ENABLE_OBJC_ARC = YES;
				CLANG_ENABLE_OBJC_WEAK = YES;
				CLANG_WARN_BLOCK_CAPTURE_AUTORELEASING = YES;
				CLANG_WARN_BOOL_CONVERSION = YES;
				CLANG_WARN_COMMA = YES;
				CLANG_WARN_CONSTANT_CONVERSION = YES;
				CLANG_WARN_DEPRECATED_OBJC_IMPLEMENTATIONS = YES;
				CLANG_WARN_DIRECT_OBJC_ISA_USAGE = YES_ERROR;
				CLANG_WARN_DOCUMENTATION_COMMENTS = YES;
				CLANG_WARN_EMPTY_BODY = YES;
				CLANG_WARN_ENUM_CONVERSION = YES;
				CLANG_WARN_INFINITE_RECURSION = YES;
				CLANG_WARN_INT_CONVERSION = YES;
				CLANG_WARN_NON_LITERAL_NULL_CONVERSION = YES;
				CLANG_WARN_OBJC_IMPLICIT_RETAIN_SELF = YES;
				CLANG_WARN_OBJC_LITERAL_CONVERSION = YES;
				CLANG_WARN_OBJC_ROOT_CLASS = YES_ERROR;
				CLANG_WARN_QUOTED_INCLUDE_IN_FRAMEWORK_HEADER = YES;
				CLANG_WARN_RANGE_LOOP_ANALYSIS = YES;
				CLANG_WARN_STRICT_PROTOTYPES = YES;
				CLANG_WARN_SUSPICIOUS_MOVE = YES;
				CLANG_WARN_UNGUARDED_AVAILABILITY = YES_AGGRESSIVE;
				CLANG_WARN_UNREACHABLE_CODE = YES;
				CLANG_WARN__DUPLICATE_METHOD_MATCH = YES;
				COPY_PHASE_STRIP = NO;
				CURRENT_PROJECT_VERSION = 1;
				DEBUG_INFORMATION_FORMAT = dwarf;
				ENABLE_STRICT_OBJC_MSGSEND = YES;
				ENABLE_TESTABILITY = YES;
				GCC_C_LANGUAGE_STANDARD = gnu11;
				GCC_DYNAMIC_NO_PIC = NO;
				GCC_NO_COMMON_BLOCKS = YES;
				GCC_OPTIMIZATION_LEVEL = 0;
				GCC_PREPROCESSOR_DEFINITIONS = (
					"DEBUG=1",
					"$(inherited)",
				);
				GCC_WARN_64_TO_32_BIT_CONVERSION = YES;
				GCC_WARN_ABOUT_RETURN_TYPE = YES_ERROR;
				GCC_WARN_UNDECLARED_SELECTOR = YES;
				GCC_WARN_UNINITIALIZED_AUTOS = YES_AGGRESSIVE;
				GCC_WARN_UNUSED_FUNCTION = YES;
				GCC_WARN_UNUSED_VARIABLE = YES;
				IPHONEOS_DEPLOYMENT_TARGET = 16.0;
				MACOSX_DEPLOYMENT_TARGET = 13.0;
				MTL_ENABLE_DEBUG_INFO = INCLUDE_SOURCE;
				MTL_FAST_MATH = YES;
				ONLY_ACTIVE_ARCH = YES;
				SWIFT_ACTIVE_COMPILATION_CONDITIONS = DEBUG;
				SWIFT_OPTIMIZATION_LEVEL = "-Onone";
				VERSIONING_SYSTEM = "apple-generic";
				VERSION_INFO_PREFIX = "";
			};
			name = Debug;
		};
		03FF92CB28C3FCE500FC1956 /* Release */ = {
			isa = XCBuildConfiguration;
			buildSettings = {
				ALWAYS_SEARCH_USER_PATHS = NO;
				CLANG_ANALYZER_NONNULL = YES;
				CLANG_ANALYZER_NUMBER_OBJECT_CONVERSION = YES_AGGRESSIVE;
				CLANG_CXX_LANGUAGE_STANDARD = "gnu++17";
				CLANG_ENABLE_MODULES = YES;
				CLANG_ENABLE_OBJC_ARC = YES;
				CLANG_ENABLE_OBJC_WEAK = YES;
				CLANG_WARN_BLOCK_CAPTURE_AUTORELEASING = YES;
				CLANG_WARN_BOOL_CONVERSION = YES;
				CLANG_WARN_COMMA = YES;
				CLANG_WARN_CONSTANT_CONVERSION = YES;
				CLANG_WARN_DEPRECATED_OBJC_IMPLEMENTATIONS = YES;
				CLANG_WARN_DIRECT_OBJC_ISA_USAGE = YES_ERROR;
				CLANG_WARN_DOCUMENTATION_COMMENTS = YES;
				CLANG_WARN_EMPTY_BODY = YES;
				CLANG_WARN_ENUM_CONVERSION = YES;
				CLANG_WARN_INFINITE_RECURSION = YES;
				CLANG_WARN_INT_CONVERSION = YES;
				CLANG_WARN_NON_LITERAL_NULL_CONVERSION = YES;
				CLANG_WARN_OBJC_IMPLICIT_RETAIN_SELF = YES;
				CLANG_WARN_OBJC_LITERAL_CONVERSION = YES;
				CLANG_WARN_OBJC_ROOT_CLASS = YES_ERROR;
				CLANG_WARN_QUOTED_INCLUDE_IN_FRAMEWORK_HEADER = YES;
				CLANG_WARN_RANGE_LOOP_ANALYSIS = YES;
				CLANG_WARN_STRICT_PROTOTYPES = YES;
				CLANG_WARN_SUSPICIOUS_MOVE = YES;
				CLANG_WARN_UNGUARDED_AVAILABILITY = YES_AGGRESSIVE;
				CLANG_WARN_UNREACHABLE_CODE = YES;
				CLANG_WARN__DUPLICATE_METHOD_MATCH = YES;
				COPY_PHASE_STRIP = NO;
				CURRENT_PROJECT_VERSION = 1;
				DEBUG_INFORMATION_FORMAT = "dwarf-with-dsym";
				ENABLE_NS_ASSERTIONS = NO;
				ENABLE_STRICT_OBJC_MSGSEND = YES;
				GCC_C_LANGUAGE_STANDARD = gnu11;
				GCC_NO_COMMON_BLOCKS = YES;
				GCC_WARN_64_TO_32_BIT_CONVERSION = YES;
				GCC_WARN_ABOUT_RETURN_TYPE = YES_ERROR;
				GCC_WARN_UNDECLARED_SELECTOR = YES;
				GCC_WARN_UNINITIALIZED_AUTOS = YES_AGGRESSIVE;
				GCC_WARN_UNUSED_FUNCTION = YES;
				GCC_WARN_UNUSED_VARIABLE = YES;
				IPHONEOS_DEPLOYMENT_TARGET = 16.0;
				MACOSX_DEPLOYMENT_TARGET = 13.0;
				MTL_ENABLE_DEBUG_INFO = NO;
				MTL_FAST_MATH = YES;
				SWIFT_COMPILATION_MODE = wholemodule;
				SWIFT_OPTIMIZATION_LEVEL = "-O";
				VERSIONING_SYSTEM = "apple-generic";
				VERSION_INFO_PREFIX = "";
			};
			name = Release;
		};
		03FF92CD28C3FCE500FC1956 /* Debug */ = {
			isa = XCBuildConfiguration;
			buildSettings = {
				CODE_SIGN_STYLE = Automatic;
				CURRENT_PROJECT_VERSION = 1;
				DEFINES_MODULE = YES;
				DEVELOPMENT_TEAM = 685257RUQP;
				DYLIB_COMPATIBILITY_VERSION = 1;
				DYLIB_CURRENT_VERSION = 1;
				DYLIB_INSTALL_NAME_BASE = "@rpath";
				GENERATE_INFOPLIST_FILE = YES;
				INFOPLIST_KEY_NSHumanReadableCopyright = "";
				INSTALL_PATH = "$(LOCAL_LIBRARY_DIR)/Frameworks";
				IPHONEOS_DEPLOYMENT_TARGET = 16.0;
				LD_RUNPATH_SEARCH_PATHS = (
					"@executable_path/Frameworks",
					"@loader_path/Frameworks",
				);
				"LD_RUNPATH_SEARCH_PATHS[sdk=macosx*]" = (
					"@executable_path/../Frameworks",
					"@loader_path/Frameworks",
				);
				MACOSX_DEPLOYMENT_TARGET = 13.0;
				MARKETING_VERSION = 1.0;
				PRODUCT_BUNDLE_IDENTIFIER = me.joshgrant.Heartbeat;
				PRODUCT_NAME = "$(TARGET_NAME:c99extidentifier)";
				SDKROOT = auto;
				SKIP_INSTALL = YES;
				SUPPORTED_PLATFORMS = "iphoneos iphonesimulator macosx";
				SWIFT_EMIT_LOC_STRINGS = YES;
				SWIFT_VERSION = 5.0;
				TARGETED_DEVICE_FAMILY = "1,2";
			};
			name = Debug;
		};
		03FF92CE28C3FCE500FC1956 /* Release */ = {
			isa = XCBuildConfiguration;
			buildSettings = {
				CODE_SIGN_STYLE = Automatic;
				CURRENT_PROJECT_VERSION = 1;
				DEFINES_MODULE = YES;
				DEVELOPMENT_TEAM = 685257RUQP;
				DYLIB_COMPATIBILITY_VERSION = 1;
				DYLIB_CURRENT_VERSION = 1;
				DYLIB_INSTALL_NAME_BASE = "@rpath";
				GENERATE_INFOPLIST_FILE = YES;
				INFOPLIST_KEY_NSHumanReadableCopyright = "";
				INSTALL_PATH = "$(LOCAL_LIBRARY_DIR)/Frameworks";
				IPHONEOS_DEPLOYMENT_TARGET = 16.0;
				LD_RUNPATH_SEARCH_PATHS = (
					"@executable_path/Frameworks",
					"@loader_path/Frameworks",
				);
				"LD_RUNPATH_SEARCH_PATHS[sdk=macosx*]" = (
					"@executable_path/../Frameworks",
					"@loader_path/Frameworks",
				);
				MACOSX_DEPLOYMENT_TARGET = 13.0;
				MARKETING_VERSION = 1.0;
				PRODUCT_BUNDLE_IDENTIFIER = me.joshgrant.Heartbeat;
				PRODUCT_NAME = "$(TARGET_NAME:c99extidentifier)";
				SDKROOT = auto;
				SKIP_INSTALL = YES;
				SUPPORTED_PLATFORMS = "iphoneos iphonesimulator macosx";
				SWIFT_EMIT_LOC_STRINGS = YES;
				SWIFT_VERSION = 5.0;
				TARGETED_DEVICE_FAMILY = "1,2";
			};
			name = Release;
		};
		03FF92D028C3FCE500FC1956 /* Debug */ = {
			isa = XCBuildConfiguration;
			buildSettings = {
				ALWAYS_EMBED_SWIFT_STANDARD_LIBRARIES = YES;
				CODE_SIGN_STYLE = Automatic;
				CURRENT_PROJECT_VERSION = 1;
				DEVELOPMENT_TEAM = 685257RUQP;
				GENERATE_INFOPLIST_FILE = YES;
				IPHONEOS_DEPLOYMENT_TARGET = 16.0;
				MACOSX_DEPLOYMENT_TARGET = 13.0;
				MARKETING_VERSION = 1.0;
				PRODUCT_BUNDLE_IDENTIFIER = me.joshgrant.HeartbeatTests;
				PRODUCT_NAME = "$(TARGET_NAME)";
				SDKROOT = auto;
				SUPPORTED_PLATFORMS = "iphoneos iphonesimulator macosx";
				SWIFT_EMIT_LOC_STRINGS = NO;
				SWIFT_VERSION = 5.0;
				TARGETED_DEVICE_FAMILY = "1,2";
			};
			name = Debug;
		};
		03FF92D128C3FCE500FC1956 /* Release */ = {
			isa = XCBuildConfiguration;
			buildSettings = {
				ALWAYS_EMBED_SWIFT_STANDARD_LIBRARIES = YES;
				CODE_SIGN_STYLE = Automatic;
				CURRENT_PROJECT_VERSION = 1;
				DEVELOPMENT_TEAM = 685257RUQP;
				GENERATE_INFOPLIST_FILE = YES;
				IPHONEOS_DEPLOYMENT_TARGET = 16.0;
				MACOSX_DEPLOYMENT_TARGET = 13.0;
				MARKETING_VERSION = 1.0;
				PRODUCT_BUNDLE_IDENTIFIER = me.joshgrant.HeartbeatTests;
				PRODUCT_NAME = "$(TARGET_NAME)";
				SDKROOT = auto;
				SUPPORTED_PLATFORMS = "iphoneos iphonesimulator macosx";
				SWIFT_EMIT_LOC_STRINGS = NO;
				SWIFT_VERSION = 5.0;
				TARGETED_DEVICE_FAMILY = "1,2";
			};
			name = Release;
		};
/* End XCBuildConfiguration section */

/* Begin XCConfigurationList section */
		03FF92B228C3FCE400FC1956 /* Build configuration list for PBXProject "Heartbeat" */ = {
			isa = XCConfigurationList;
			buildConfigurations = (
				03FF92CA28C3FCE500FC1956 /* Debug */,
				03FF92CB28C3FCE500FC1956 /* Release */,
			);
			defaultConfigurationIsVisible = 0;
			defaultConfigurationName = Release;
		};
		03FF92CC28C3FCE500FC1956 /* Build configuration list for PBXNativeTarget "Heartbeat" */ = {
			isa = XCConfigurationList;
			buildConfigurations = (
				03FF92CD28C3FCE500FC1956 /* Debug */,
				03FF92CE28C3FCE500FC1956 /* Release */,
			);
			defaultConfigurationIsVisible = 0;
			defaultConfigurationName = Release;
		};
		03FF92CF28C3FCE500FC1956 /* Build configuration list for PBXNativeTarget "HeartbeatTests" */ = {
			isa = XCConfigurationList;
			buildConfigurations = (
				03FF92D028C3FCE500FC1956 /* Debug */,
				03FF92D128C3FCE500FC1956 /* Release */,
			);
			defaultConfigurationIsVisible = 0;
			defaultConfigurationName = Release;
		};
/* End XCConfigurationList section */
	};
	rootObject = 03FF92AF28C3FCE400FC1956 /* Project object */;
}
